
Microsoft Visual Studio Solution File, Format Version 12.00
# Visual Studio Version 16
VisualStudioVersion = 16.0.29102.190
MinimumVisualStudioVersion = 10.0.40219.1
Project("{FAE04EC0-301F-11D3-BF4B-00C04F79EFBC}") = "Book_Hutech_Lab", "Book_Hutech_Lab\Book_Hutech_Lab.csproj", "{5B886190-1B3F-46C6-9592-4D14C10A0AD9}"
EndProject
Project("{FAE04EC0-301F-11D3-BF4B-00C04F79EFBC}") = "AjaxTable.Data", "AjaxTable.Data\AjaxTable.Data.csproj", "{1FEB2BB7-C209-4777-B258-EE4130185601}"
EndProject
Global
	GlobalSection(SolutionConfigurationPlatforms) = preSolution
		Debug|Any CPU = Debug|Any CPU
		Release|Any CPU = Release|Any CPU
	EndGlobalSection
	GlobalSection(ProjectConfigurationPlatforms) = postSolution
		{5B886190-1B3F-46C6-9592-4D14C10A0AD9}.Debug|Any CPU.ActiveCfg = Debug|Any CPU
		{5B886190-1B3F-46C6-9592-4D14C10A0AD9}.Debug|Any CPU.Build.0 = Debug|Any CPU
		{5B886190-1B3F-46C6-9592-4D14C10A0AD9}.Release|Any CPU.ActiveCfg = Release|Any CPU
		{5B886190-1B3F-46C6-9592-4D14C10A0AD9}.Release|Any CPU.Build.0 = Release|Any CPU
		{1FEB2BB7-C209-4777-B258-EE4130185601}.Debug|Any CPU.ActiveCfg = Debug|Any CPU
		{1FEB2BB7-C209-4777-B258-EE4130185601}.Debug|Any CPU.Build.0 = Debug|Any CPU
		{1FEB2BB7-C209-4777-B258-EE4130185601}.Release|Any CPU.ActiveCfg = Release|Any CPU
		{1FEB2BB7-C209-4777-B258-EE4130185601}.Release|Any CPU.Build.0 = Release|Any CPU
	EndGlobalSection
	GlobalSection(SolutionProperties) = preSolution
		HideSolutionNode = FALSE
	EndGlobalSection
	GlobalSection(ExtensibilityGlobals) = postSolution
		SolutionGuid = {21453430-1E79-4996-A078-709066C056AD}
	EndGlobalSection
EndGlobal
